
Microsoft Visual Studio Solution File, Format Version 12.00
# Visual Studio Version 17
VisualStudioVersion = 17.4.33403.182
MinimumVisualStudioVersion = 10.0.40219.1
Project("{FAE04EC0-301F-11D3-BF4B-00C04F79EFBC}") = "LabNet2023", "LabNet2023\LabNet2023.csproj", "{59B0E2BB-8C38-4D96-B41B-37B4BFEEF4BA}"
EndProject
Project("{FAE04EC0-301F-11D3-BF4B-00C04F79EFBC}") = "LabData", "Lab.EF.Data2\LabData.csproj", "{8D26064D-9835-429E-A05C-AC6E1EC9C440}"
EndProject
Project("{FAE04EC0-301F-11D3-BF4B-00C04F79EFBC}") = "Entities", "Entities\Entities.csproj", "{CDD0A1C7-96CB-4668-BA10-02E5DCB2E97F}"
EndProject
Project("{FAE04EC0-301F-11D3-BF4B-00C04F79EFBC}") = "LabLogic", "LabLogic\LabLogic.csproj", "{47107D30-A518-47E8-97D5-241B54C22110}"
EndProject
Global
	GlobalSection(SolutionConfigurationPlatforms) = preSolution
		Debug|Any CPU = Debug|Any CPU
		Release|Any CPU = Release|Any CPU
	EndGlobalSection
	GlobalSection(ProjectConfigurationPlatforms) = postSolution
		{59B0E2BB-8C38-4D96-B41B-37B4BFEEF4BA}.Debug|Any CPU.ActiveCfg = Debug|Any CPU
		{59B0E2BB-8C38-4D96-B41B-37B4BFEEF4BA}.Debug|Any CPU.Build.0 = Debug|Any CPU
		{59B0E2BB-8C38-4D96-B41B-37B4BFEEF4BA}.Release|Any CPU.ActiveCfg = Release|Any CPU
		{59B0E2BB-8C38-4D96-B41B-37B4BFEEF4BA}.Release|Any CPU.Build.0 = Release|Any CPU
		{8D26064D-9835-429E-A05C-AC6E1EC9C440}.Debug|Any CPU.ActiveCfg = Debug|Any CPU
		{8D26064D-9835-429E-A05C-AC6E1EC9C440}.Debug|Any CPU.Build.0 = Debug|Any CPU
		{8D26064D-9835-429E-A05C-AC6E1EC9C440}.Release|Any CPU.ActiveCfg = Release|Any CPU
		{8D26064D-9835-429E-A05C-AC6E1EC9C440}.Release|Any CPU.Build.0 = Release|Any CPU
		{CDD0A1C7-96CB-4668-BA10-02E5DCB2E97F}.Debug|Any CPU.ActiveCfg = Debug|Any CPU
		{CDD0A1C7-96CB-4668-BA10-02E5DCB2E97F}.Debug|Any CPU.Build.0 = Debug|Any CPU
		{CDD0A1C7-96CB-4668-BA10-02E5DCB2E97F}.Release|Any CPU.ActiveCfg = Release|Any CPU
		{CDD0A1C7-96CB-4668-BA10-02E5DCB2E97F}.Release|Any CPU.Build.0 = Release|Any CPU
		{47107D30-A518-47E8-97D5-241B54C22110}.Debug|Any CPU.ActiveCfg = Debug|Any CPU
		{47107D30-A518-47E8-97D5-241B54C22110}.Debug|Any CPU.Build.0 = Debug|Any CPU
		{47107D30-A518-47E8-97D5-241B54C22110}.Release|Any CPU.ActiveCfg = Release|Any CPU
		{47107D30-A518-47E8-97D5-241B54C22110}.Release|Any CPU.Build.0 = Release|Any CPU
	EndGlobalSection
	GlobalSection(SolutionProperties) = preSolution
		HideSolutionNode = FALSE
	EndGlobalSection
	GlobalSection(ExtensibilityGlobals) = postSolution
		SolutionGuid = {441A974C-61AB-4984-8386-2B075DE89102}
	EndGlobalSection
EndGlobal
